
Microsoft Visual Studio Solution File, Format Version 12.00
# Visual Studio 2013
Project("{FAE04EC0-301F-11D3-BF4B-00C04F79EFBC}") = "MMO Game.CSharp.Plugins", "MMO Game.CSharp.Plugins.csproj", "{7045BF4B-37CC-1E3C-7187-C0217397FDD0}"
EndProject
Project("{FAE04EC0-301F-11D3-BF4B-00C04F79EFBC}") = "MMO Game.CSharp", "MMO Game.CSharp.csproj", "{EF2A782F-CFE8-193A-4255-2B7DD2EDA752}"
EndProject
Project("{FAE04EC0-301F-11D3-BF4B-00C04F79EFBC}") = "MMO Game.CSharp.Editor", "MMO Game.CSharp.Editor.csproj", "{8CF1220A-1492-B693-1D97-D026CA41FE8B}"
EndProject
Global
	GlobalSection(SolutionConfigurationPlatforms) = preSolution
		Debug|Any CPU = Debug|Any CPU
		Release|Any CPU = Release|Any CPU
	EndGlobalSection
	GlobalSection(ProjectConfigurationPlatforms) = postSolution
		{7045BF4B-37CC-1E3C-7187-C0217397FDD0}.Debug|Any CPU.ActiveCfg = Debug|Any CPU
		{7045BF4B-37CC-1E3C-7187-C0217397FDD0}.Debug|Any CPU.Build.0 = Debug|Any CPU
		{7045BF4B-37CC-1E3C-7187-C0217397FDD0}.Release|Any CPU.ActiveCfg = Release|Any CPU
		{7045BF4B-37CC-1E3C-7187-C0217397FDD0}.Release|Any CPU.Build.0 = Release|Any CPU
		{EF2A782F-CFE8-193A-4255-2B7DD2EDA752}.Debug|Any CPU.ActiveCfg = Debug|Any CPU
		{EF2A782F-CFE8-193A-4255-2B7DD2EDA752}.Debug|Any CPU.Build.0 = Debug|Any CPU
		{EF2A782F-CFE8-193A-4255-2B7DD2EDA752}.Release|Any CPU.ActiveCfg = Release|Any CPU
		{EF2A782F-CFE8-193A-4255-2B7DD2EDA752}.Release|Any CPU.Build.0 = Release|Any CPU
		{8CF1220A-1492-B693-1D97-D026CA41FE8B}.Debug|Any CPU.ActiveCfg = Debug|Any CPU
		{8CF1220A-1492-B693-1D97-D026CA41FE8B}.Debug|Any CPU.Build.0 = Debug|Any CPU
		{8CF1220A-1492-B693-1D97-D026CA41FE8B}.Release|Any CPU.ActiveCfg = Release|Any CPU
		{8CF1220A-1492-B693-1D97-D026CA41FE8B}.Release|Any CPU.Build.0 = Release|Any CPU
	EndGlobalSection
	GlobalSection(SolutionProperties) = preSolution
		HideSolutionNode = FALSE
	EndGlobalSection
EndGlobal
